
Microsoft Visual Studio Solution File, Format Version 12.00
# Visual Studio 15
Project("{FAE04EC0-301F-11D3-BF4B-00C04F79EFBC}") = "UnityEngine.TestRunner", "UnityEngine.TestRunner.csproj", "{1A254F5E-8170-0575-2024-FFCA72E27D3A}"
EndProject
Project("{FAE04EC0-301F-11D3-BF4B-00C04F79EFBC}") = "UnityEngine.UI", "UnityEngine.UI.csproj", "{748CC20E-14B6-E454-3E0E-60E6A05D737D}"
EndProject
Project("{FAE04EC0-301F-11D3-BF4B-00C04F79EFBC}") = "Unity.TextMeshPro", "Unity.TextMeshPro.csproj", "{D17382C4-9C92-858A-4598-04DA4C6CA37D}"
EndProject
Project("{FAE04EC0-301F-11D3-BF4B-00C04F79EFBC}") = "Unity.Timeline", "Unity.Timeline.csproj", "{B4F269FE-4B48-963C-D4CD-095ADA2FB4A3}"
EndProject
Project("{FAE04EC0-301F-11D3-BF4B-00C04F79EFBC}") = "Assembly-CSharp", "Assembly-CSharp.csproj", "{B1235EE4-71EE-C815-28F8-C3378E5ADB84}"
EndProject
Project("{FAE04EC0-301F-11D3-BF4B-00C04F79EFBC}") = "Unity.TextMeshPro.Editor", "Unity.TextMeshPro.Editor.csproj", "{3F3F170F-A95D-59C3-B304-556D7C4530E9}"
EndProject
Project("{FAE04EC0-301F-11D3-BF4B-00C04F79EFBC}") = "Unity.Timeline.Editor", "Unity.Timeline.Editor.csproj", "{F1119B0D-F132-41E0-5836-2B35ED51FFA8}"
EndProject
Project("{FAE04EC0-301F-11D3-BF4B-00C04F79EFBC}") = "UnityEditor.TestRunner", "UnityEditor.TestRunner.csproj", "{290C7A10-59D0-E94A-9E21-5258B1FF8A23}"
EndProject
Project("{FAE04EC0-301F-11D3-BF4B-00C04F79EFBC}") = "UnityEditor.UI", "UnityEditor.UI.csproj", "{5BD8E44E-7F06-55D5-2FC4-1FCA3D89DFA1}"
EndProject
Project("{FAE04EC0-301F-11D3-BF4B-00C04F79EFBC}") = "Unity.Rider.Editor", "Unity.Rider.Editor.csproj", "{B3B65B8F-485D-43DA-55BC-C5FAA53832DA}"
EndProject
Project("{FAE04EC0-301F-11D3-BF4B-00C04F79EFBC}") = "Unity.CollabProxy.Editor", "Unity.CollabProxy.Editor.csproj", "{6212292B-5B04-59FC-9325-76D35C28D4E4}"
EndProject
Project("{FAE04EC0-301F-11D3-BF4B-00C04F79EFBC}") = "Unity.VSCode.Editor", "Unity.VSCode.Editor.csproj", "{F0F413FA-33B1-6A92-BE2E-5BBEBEA05FF4}"
EndProject
Global
	GlobalSection(SolutionConfigurationPlatforms) = preSolution
		Debug|Any CPU = Debug|Any CPU
		Release|Any CPU = Release|Any CPU
	EndGlobalSection
	GlobalSection(ProjectConfigurationPlatforms) = postSolution
		{1A254F5E-8170-0575-2024-FFCA72E27D3A}.Debug|Any CPU.ActiveCfg = Debug|Any CPU
		{1A254F5E-8170-0575-2024-FFCA72E27D3A}.Debug|Any CPU.Build.0 = Debug|Any CPU
		{1A254F5E-8170-0575-2024-FFCA72E27D3A}.Release|Any CPU.ActiveCfg = Release|Any CPU
		{1A254F5E-8170-0575-2024-FFCA72E27D3A}.Release|Any CPU.Build.0 = Release|Any CPU
		{748CC20E-14B6-E454-3E0E-60E6A05D737D}.Debug|Any CPU.ActiveCfg = Debug|Any CPU
		{748CC20E-14B6-E454-3E0E-60E6A05D737D}.Debug|Any CPU.Build.0 = Debug|Any CPU
		{748CC20E-14B6-E454-3E0E-60E6A05D737D}.Release|Any CPU.ActiveCfg = Release|Any CPU
		{748CC20E-14B6-E454-3E0E-60E6A05D737D}.Release|Any CPU.Build.0 = Release|Any CPU
		{D17382C4-9C92-858A-4598-04DA4C6CA37D}.Debug|Any CPU.ActiveCfg = Debug|Any CPU
		{D17382C4-9C92-858A-4598-04DA4C6CA37D}.Debug|Any CPU.Build.0 = Debug|Any CPU
		{D17382C4-9C92-858A-4598-04DA4C6CA37D}.Release|Any CPU.ActiveCfg = Release|Any CPU
		{D17382C4-9C92-858A-4598-04DA4C6CA37D}.Release|Any CPU.Build.0 = Release|Any CPU
		{B4F269FE-4B48-963C-D4CD-095ADA2FB4A3}.Debug|Any CPU.ActiveCfg = Debug|Any CPU
		{B4F269FE-4B48-963C-D4CD-095ADA2FB4A3}.Debug|Any CPU.Build.0 = Debug|Any CPU
		{B4F269FE-4B48-963C-D4CD-095ADA2FB4A3}.Release|Any CPU.ActiveCfg = Release|Any CPU
		{B4F269FE-4B48-963C-D4CD-095ADA2FB4A3}.Release|Any CPU.Build.0 = Release|Any CPU
		{B1235EE4-71EE-C815-28F8-C3378E5ADB84}.Debug|Any CPU.ActiveCfg = Debug|Any CPU
		{B1235EE4-71EE-C815-28F8-C3378E5ADB84}.Debug|Any CPU.Build.0 = Debug|Any CPU
		{B1235EE4-71EE-C815-28F8-C3378E5ADB84}.Release|Any CPU.ActiveCfg = Release|Any CPU
		{B1235EE4-71EE-C815-28F8-C3378E5ADB84}.Release|Any CPU.Build.0 = Release|Any CPU
		{3F3F170F-A95D-59C3-B304-556D7C4530E9}.Debug|Any CPU.ActiveCfg = Debug|Any CPU
		{3F3F170F-A95D-59C3-B304-556D7C4530E9}.Debug|Any CPU.Build.0 = Debug|Any CPU
		{3F3F170F-A95D-59C3-B304-556D7C4530E9}.Release|Any CPU.ActiveCfg = Release|Any CPU
		{3F3F170F-A95D-59C3-B304-556D7C4530E9}.Release|Any CPU.Build.0 = Release|Any CPU
		{F1119B0D-F132-41E0-5836-2B35ED51FFA8}.Debug|Any CPU.ActiveCfg = Debug|Any CPU
		{F1119B0D-F132-41E0-5836-2B35ED51FFA8}.Debug|Any CPU.Build.0 = Debug|Any CPU
		{F1119B0D-F132-41E0-5836-2B35ED51FFA8}.Release|Any CPU.ActiveCfg = Release|Any CPU
		{F1119B0D-F132-41E0-5836-2B35ED51FFA8}.Release|Any CPU.Build.0 = Release|Any CPU
		{290C7A10-59D0-E94A-9E21-5258B1FF8A23}.Debug|Any CPU.ActiveCfg = Debug|Any CPU
		{290C7A10-59D0-E94A-9E21-5258B1FF8A23}.Debug|Any CPU.Build.0 = Debug|Any CPU
		{290C7A10-59D0-E94A-9E21-5258B1FF8A23}.Release|Any CPU.ActiveCfg = Release|Any CPU
		{290C7A10-59D0-E94A-9E21-5258B1FF8A23}.Release|Any CPU.Build.0 = Release|Any CPU
		{5BD8E44E-7F06-55D5-2FC4-1FCA3D89DFA1}.Debug|Any CPU.ActiveCfg = Debug|Any CPU
		{5BD8E44E-7F06-55D5-2FC4-1FCA3D89DFA1}.Debug|Any CPU.Build.0 = Debug|Any CPU
		{5BD8E44E-7F06-55D5-2FC4-1FCA3D89DFA1}.Release|Any CPU.ActiveCfg = Release|Any CPU
		{5BD8E44E-7F06-55D5-2FC4-1FCA3D89DFA1}.Release|Any CPU.Build.0 = Release|Any CPU
		{B3B65B8F-485D-43DA-55BC-C5FAA53832DA}.Debug|Any CPU.ActiveCfg = Debug|Any CPU
		{B3B65B8F-485D-43DA-55BC-C5FAA53832DA}.Debug|Any CPU.Build.0 = Debug|Any CPU
		{B3B65B8F-485D-43DA-55BC-C5FAA53832DA}.Release|Any CPU.ActiveCfg = Release|Any CPU
		{B3B65B8F-485D-43DA-55BC-C5FAA53832DA}.Release|Any CPU.Build.0 = Release|Any CPU
		{6212292B-5B04-59FC-9325-76D35C28D4E4}.Debug|Any CPU.ActiveCfg = Debug|Any CPU
		{6212292B-5B04-59FC-9325-76D35C28D4E4}.Debug|Any CPU.Build.0 = Debug|Any CPU
		{6212292B-5B04-59FC-9325-76D35C28D4E4}.Release|Any CPU.ActiveCfg = Release|Any CPU
		{6212292B-5B04-59FC-9325-76D35C28D4E4}.Release|Any CPU.Build.0 = Release|Any CPU
		{F0F413FA-33B1-6A92-BE2E-5BBEBEA05FF4}.Debug|Any CPU.ActiveCfg = Debug|Any CPU
		{F0F413FA-33B1-6A92-BE2E-5BBEBEA05FF4}.Debug|Any CPU.Build.0 = Debug|Any CPU
		{F0F413FA-33B1-6A92-BE2E-5BBEBEA05FF4}.Release|Any CPU.ActiveCfg = Release|Any CPU
		{F0F413FA-33B1-6A92-BE2E-5BBEBEA05FF4}.Release|Any CPU.Build.0 = Release|Any CPU
	EndGlobalSection
	GlobalSection(SolutionProperties) = preSolution
		HideSolutionNode = FALSE
	EndGlobalSection
EndGlobal
